
Microsoft Visual Studio Solution File, Format Version 12.00
# Visual Studio Version 17
VisualStudioVersion = 17.0.32112.339
MinimumVisualStudioVersion = 10.0.40219.1
Project("{2150E333-8FDC-42A3-9474-1A3956D46DE8}") = "Exercises", "Exercises", "{42D8ABB5-58E8-490F-9322-76A2C4A50D1F}"
EndProject
Project("{2150E333-8FDC-42A3-9474-1A3956D46DE8}") = "Assessment", "Assessment", "{0214696B-6CE0-4670-BC5A-77AE88355BFF}"
EndProject
Project("{2150E333-8FDC-42A3-9474-1A3956D46DE8}") = "Other", "Other", "{CEB09D4E-4B90-41B2-B2FF-A2EF181470AD}"
EndProject
Project("{9A19103F-16F7-4668-BE54-9A1E7A4F7556}") = "MathLib", "Assessments\MathLib\MathLib.csproj", "{DACE6A2B-BE37-4B09-87C7-C9FA482FD30A}"
EndProject
Project("{9A19103F-16F7-4668-BE54-9A1E7A4F7556}") = "MathLibTests", "Assessments\MathLibTests\MathLibTests.csproj", "{961E4760-C030-47D4-9AD8-207F417A978C}"
EndProject
Project("{9A19103F-16F7-4668-BE54-9A1E7A4F7556}") = "AzimuthStarter", "Other\AzimuthStarter\AzimuthStarter.csproj", "{9D99AB63-9231-408E-AB4B-1FC294C86EB0}"
	ProjectSection(ProjectDependencies) = postProject
		{2CF08F9C-C111-40B7-BDE2-01380FF34988} = {2CF08F9C-C111-40B7-BDE2-01380FF34988}
		{DACE6A2B-BE37-4B09-87C7-C9FA482FD30A} = {DACE6A2B-BE37-4B09-87C7-C9FA482FD30A}
	EndProjectSection
EndProject
Project("{9A19103F-16F7-4668-BE54-9A1E7A4F7556}") = "Azimuth", "Other\Azimuth\Azimuth.csproj", "{2CF08F9C-C111-40B7-BDE2-01380FF34988}"
EndProject
Project("{FAE04EC0-301F-11D3-BF4B-00C04F79EFBC}") = "AIE01_Binary", "Exercises\AIE01_Binary\AIE01_Binary.csproj", "{83357E86-E9FA-4726-8EA3-549CCD0D6D56}"
EndProject
Project("{FAE04EC0-301F-11D3-BF4B-00C04F79EFBC}") = "AIE02_Vector2Operators", "Exercises\AIE02_Vector2Operators\AIE02_Vector2Operators.csproj", "{02B172BF-0259-4098-B77C-707AB6D1DEDD}"
EndProject
Project("{FAE04EC0-301F-11D3-BF4B-00C04F79EFBC}") = "AIE03_Vector2Length", "Exercises\AIE03_Vector2Length\AIE03_Vector2Length.csproj", "{AA3E7513-2084-4DC8-B081-2E021716F94D}"
EndProject
Project("{FAE04EC0-301F-11D3-BF4B-00C04F79EFBC}") = "AIE04_MoveTowardPoint", "Exercises\AIE04_MoveTowardPoint\AIE04_MoveTowardPoint.csproj", "{F841248F-9D55-45DA-8EBE-1D7759CDC9CE}"
EndProject
Project("{FAE04EC0-301F-11D3-BF4B-00C04F79EFBC}") = "AIE05_FollowPath", "Exercises\AIE05_FollowPath\AIE05_FollowPath.csproj", "{CA685FC8-892C-4589-B6B1-DA2AFA333A4B}"
EndProject
Project("{FAE04EC0-301F-11D3-BF4B-00C04F79EFBC}") = "AIE06_CrossFinishLine", "Exercises\AIE06_CrossFinishLine\AIE06_CrossFinishLine.csproj", "{397617A6-E184-4844-8013-7250169D4B8E}"
EndProject
Project("{FAE04EC0-301F-11D3-BF4B-00C04F79EFBC}") = "AIE07_OverlappingCircles", "Exercises\AIE07_OverlappingCircles\AIE07_OverlappingCircles.csproj", "{0B90F397-5242-47C4-BBB0-0F6C34DEBA32}"
EndProject
Project("{FAE04EC0-301F-11D3-BF4B-00C04F79EFBC}") = "AIE08_RotatingTetrisPiece", "Exercises\AIE08_RotatingTetrisPiece\AIE08_RotatingTetrisPiece.csproj", "{192B7C87-8D4D-4073-8634-49D261FF0B76}"
EndProject
Project("{FAE04EC0-301F-11D3-BF4B-00C04F79EFBC}") = "AIE09_Matrix3DebugRendering", "Exercises\AIE09_Matrix3DebugRendering\AIE09_Matrix3DebugRendering.csproj", "{83C974F1-DD7D-4817-B3B3-EC569998F9DF}"
EndProject
Project("{FAE04EC0-301F-11D3-BF4B-00C04F79EFBC}") = "AIE10_Matrix3Translation", "Exercises\AIE10_Matrix3Translation\AIE10_Matrix3Translation.csproj", "{25E1668C-E920-40F5-9A9C-78D4C5100422}"
EndProject
Project("{FAE04EC0-301F-11D3-BF4B-00C04F79EFBC}") = "AIE11_Matrix3Scale", "Exercises\AIE11_Matrix3Scale\AIE11_Matrix3Scale.csproj", "{C72395F8-9DD4-4F7B-88D8-9B316F0291C2}"
EndProject
Project("{FAE04EC0-301F-11D3-BF4B-00C04F79EFBC}") = "AIE12_Matrix3Rotation", "Exercises\AIE12_Matrix3Rotation\AIE12_Matrix3Rotation.csproj", "{1D3D7171-79C4-43A5-8271-E6C8512D3914}"
EndProject
Project("{FAE04EC0-301F-11D3-BF4B-00C04F79EFBC}") = "AIE13_MatrixMultiplication", "Exercises\AIE13_MatrixMultiplication\AIE13_MatrixMultiplication.csproj", "{E6861BF6-3B1D-4108-8FA1-14866EAC480E}"
EndProject
Project("{FAE04EC0-301F-11D3-BF4B-00C04F79EFBC}") = "AIE14_SceneGraphPlanets", "Exercises\AIE14_SceneGraphPlanets\AIE14_SceneGraphPlanets.csproj", "{744291E7-8475-4976-B418-2F2221FA3388}"
EndProject
Project("{FAE04EC0-301F-11D3-BF4B-00C04F79EFBC}") = "AIE15_SceneGraphPlanetsSprite", "Exercises\AIE15_SceneGraphPlanetsSprite\AIE15_SceneGraphPlanetsSprite.csproj", "{1E757181-B113-49A0-A9E4-91334844A5CA}"
EndProject
Project("{FAE04EC0-301F-11D3-BF4B-00C04F79EFBC}") = "AIE16_BoxToBox", "Exercises\AIE16_BoxToBox\AIE16_BoxToBox.csproj", "{61353688-0D51-4C6C-AF19-01954BF2995D}"
EndProject
Project("{FAE04EC0-301F-11D3-BF4B-00C04F79EFBC}") = "AIE17_CircleToCircle", "Exercises\AIE17_CircleToCircle\AIE17_CircleToCircle.csproj", "{C9E15CCE-D2CF-4B09-8D4D-E4A7116211C6}"
EndProject
Project("{FAE04EC0-301F-11D3-BF4B-00C04F79EFBC}") = "AIE21_Interpolation", "Exercises\AIE21_Interpolation\AIE21_Interpolation.csproj", "{46C03786-DE93-495E-9699-CD4CB35349F6}"
EndProject
Project("{FAE04EC0-301F-11D3-BF4B-00C04F79EFBC}") = "TowerDefense", "Other\TowerDefense\TowerDefense.csproj", "{C8A4DFCC-3622-4FCA-A872-29EFF2AA788E}"
EndProject
Global
	GlobalSection(SolutionConfigurationPlatforms) = preSolution
		Debug|Any CPU = Debug|Any CPU
		Release|Any CPU = Release|Any CPU
	EndGlobalSection
	GlobalSection(ProjectConfigurationPlatforms) = postSolution
		{DACE6A2B-BE37-4B09-87C7-C9FA482FD30A}.Debug|Any CPU.ActiveCfg = Debug|Any CPU
		{DACE6A2B-BE37-4B09-87C7-C9FA482FD30A}.Debug|Any CPU.Build.0 = Debug|Any CPU
		{DACE6A2B-BE37-4B09-87C7-C9FA482FD30A}.Release|Any CPU.ActiveCfg = Release|Any CPU
		{DACE6A2B-BE37-4B09-87C7-C9FA482FD30A}.Release|Any CPU.Build.0 = Release|Any CPU
		{961E4760-C030-47D4-9AD8-207F417A978C}.Debug|Any CPU.ActiveCfg = Debug|Any CPU
		{961E4760-C030-47D4-9AD8-207F417A978C}.Debug|Any CPU.Build.0 = Debug|Any CPU
		{961E4760-C030-47D4-9AD8-207F417A978C}.Release|Any CPU.ActiveCfg = Release|Any CPU
		{961E4760-C030-47D4-9AD8-207F417A978C}.Release|Any CPU.Build.0 = Release|Any CPU
		{9D99AB63-9231-408E-AB4B-1FC294C86EB0}.Debug|Any CPU.ActiveCfg = Debug|Any CPU
		{9D99AB63-9231-408E-AB4B-1FC294C86EB0}.Debug|Any CPU.Build.0 = Debug|Any CPU
		{9D99AB63-9231-408E-AB4B-1FC294C86EB0}.Release|Any CPU.ActiveCfg = Release|Any CPU
		{9D99AB63-9231-408E-AB4B-1FC294C86EB0}.Release|Any CPU.Build.0 = Release|Any CPU
		{2CF08F9C-C111-40B7-BDE2-01380FF34988}.Debug|Any CPU.ActiveCfg = Debug|Any CPU
		{2CF08F9C-C111-40B7-BDE2-01380FF34988}.Debug|Any CPU.Build.0 = Debug|Any CPU
		{2CF08F9C-C111-40B7-BDE2-01380FF34988}.Release|Any CPU.ActiveCfg = Release|Any CPU
		{2CF08F9C-C111-40B7-BDE2-01380FF34988}.Release|Any CPU.Build.0 = Release|Any CPU
		{83357E86-E9FA-4726-8EA3-549CCD0D6D56}.Debug|Any CPU.ActiveCfg = Debug|Any CPU
		{83357E86-E9FA-4726-8EA3-549CCD0D6D56}.Debug|Any CPU.Build.0 = Debug|Any CPU
		{83357E86-E9FA-4726-8EA3-549CCD0D6D56}.Release|Any CPU.ActiveCfg = Release|Any CPU
		{83357E86-E9FA-4726-8EA3-549CCD0D6D56}.Release|Any CPU.Build.0 = Release|Any CPU
		{02B172BF-0259-4098-B77C-707AB6D1DEDD}.Debug|Any CPU.ActiveCfg = Debug|Any CPU
		{02B172BF-0259-4098-B77C-707AB6D1DEDD}.Debug|Any CPU.Build.0 = Debug|Any CPU
		{02B172BF-0259-4098-B77C-707AB6D1DEDD}.Release|Any CPU.ActiveCfg = Release|Any CPU
		{02B172BF-0259-4098-B77C-707AB6D1DEDD}.Release|Any CPU.Build.0 = Release|Any CPU
		{AA3E7513-2084-4DC8-B081-2E021716F94D}.Debug|Any CPU.ActiveCfg = Debug|Any CPU
		{AA3E7513-2084-4DC8-B081-2E021716F94D}.Debug|Any CPU.Build.0 = Debug|Any CPU
		{AA3E7513-2084-4DC8-B081-2E021716F94D}.Release|Any CPU.ActiveCfg = Release|Any CPU
		{AA3E7513-2084-4DC8-B081-2E021716F94D}.Release|Any CPU.Build.0 = Release|Any CPU
		{F841248F-9D55-45DA-8EBE-1D7759CDC9CE}.Debug|Any CPU.ActiveCfg = Debug|Any CPU
		{F841248F-9D55-45DA-8EBE-1D7759CDC9CE}.Debug|Any CPU.Build.0 = Debug|Any CPU
		{F841248F-9D55-45DA-8EBE-1D7759CDC9CE}.Release|Any CPU.ActiveCfg = Release|Any CPU
		{F841248F-9D55-45DA-8EBE-1D7759CDC9CE}.Release|Any CPU.Build.0 = Release|Any CPU
		{CA685FC8-892C-4589-B6B1-DA2AFA333A4B}.Debug|Any CPU.ActiveCfg = Debug|Any CPU
		{CA685FC8-892C-4589-B6B1-DA2AFA333A4B}.Debug|Any CPU.Build.0 = Debug|Any CPU
		{CA685FC8-892C-4589-B6B1-DA2AFA333A4B}.Release|Any CPU.ActiveCfg = Release|Any CPU
		{CA685FC8-892C-4589-B6B1-DA2AFA333A4B}.Release|Any CPU.Build.0 = Release|Any CPU
		{397617A6-E184-4844-8013-7250169D4B8E}.Debug|Any CPU.ActiveCfg = Debug|Any CPU
		{397617A6-E184-4844-8013-7250169D4B8E}.Debug|Any CPU.Build.0 = Debug|Any CPU
		{397617A6-E184-4844-8013-7250169D4B8E}.Release|Any CPU.ActiveCfg = Release|Any CPU
		{397617A6-E184-4844-8013-7250169D4B8E}.Release|Any CPU.Build.0 = Release|Any CPU
		{0B90F397-5242-47C4-BBB0-0F6C34DEBA32}.Debug|Any CPU.ActiveCfg = Debug|Any CPU
		{0B90F397-5242-47C4-BBB0-0F6C34DEBA32}.Debug|Any CPU.Build.0 = Debug|Any CPU
		{0B90F397-5242-47C4-BBB0-0F6C34DEBA32}.Release|Any CPU.ActiveCfg = Release|Any CPU
		{0B90F397-5242-47C4-BBB0-0F6C34DEBA32}.Release|Any CPU.Build.0 = Release|Any CPU
		{192B7C87-8D4D-4073-8634-49D261FF0B76}.Debug|Any CPU.ActiveCfg = Debug|Any CPU
		{192B7C87-8D4D-4073-8634-49D261FF0B76}.Debug|Any CPU.Build.0 = Debug|Any CPU
		{192B7C87-8D4D-4073-8634-49D261FF0B76}.Release|Any CPU.ActiveCfg = Release|Any CPU
		{192B7C87-8D4D-4073-8634-49D261FF0B76}.Release|Any CPU.Build.0 = Release|Any CPU
		{83C974F1-DD7D-4817-B3B3-EC569998F9DF}.Debug|Any CPU.ActiveCfg = Debug|Any CPU
		{83C974F1-DD7D-4817-B3B3-EC569998F9DF}.Debug|Any CPU.Build.0 = Debug|Any CPU
		{83C974F1-DD7D-4817-B3B3-EC569998F9DF}.Release|Any CPU.ActiveCfg = Release|Any CPU
		{83C974F1-DD7D-4817-B3B3-EC569998F9DF}.Release|Any CPU.Build.0 = Release|Any CPU
		{25E1668C-E920-40F5-9A9C-78D4C5100422}.Debug|Any CPU.ActiveCfg = Debug|Any CPU
		{25E1668C-E920-40F5-9A9C-78D4C5100422}.Debug|Any CPU.Build.0 = Debug|Any CPU
		{25E1668C-E920-40F5-9A9C-78D4C5100422}.Release|Any CPU.ActiveCfg = Release|Any CPU
		{25E1668C-E920-40F5-9A9C-78D4C5100422}.Release|Any CPU.Build.0 = Release|Any CPU
		{C72395F8-9DD4-4F7B-88D8-9B316F0291C2}.Debug|Any CPU.ActiveCfg = Debug|Any CPU
		{C72395F8-9DD4-4F7B-88D8-9B316F0291C2}.Debug|Any CPU.Build.0 = Debug|Any CPU
		{C72395F8-9DD4-4F7B-88D8-9B316F0291C2}.Release|Any CPU.ActiveCfg = Release|Any CPU
		{C72395F8-9DD4-4F7B-88D8-9B316F0291C2}.Release|Any CPU.Build.0 = Release|Any CPU
		{1D3D7171-79C4-43A5-8271-E6C8512D3914}.Debug|Any CPU.ActiveCfg = Debug|Any CPU
		{1D3D7171-79C4-43A5-8271-E6C8512D3914}.Debug|Any CPU.Build.0 = Debug|Any CPU
		{1D3D7171-79C4-43A5-8271-E6C8512D3914}.Release|Any CPU.ActiveCfg = Release|Any CPU
		{1D3D7171-79C4-43A5-8271-E6C8512D3914}.Release|Any CPU.Build.0 = Release|Any CPU
		{E6861BF6-3B1D-4108-8FA1-14866EAC480E}.Debug|Any CPU.ActiveCfg = Debug|Any CPU
		{E6861BF6-3B1D-4108-8FA1-14866EAC480E}.Debug|Any CPU.Build.0 = Debug|Any CPU
		{E6861BF6-3B1D-4108-8FA1-14866EAC480E}.Release|Any CPU.ActiveCfg = Release|Any CPU
		{E6861BF6-3B1D-4108-8FA1-14866EAC480E}.Release|Any CPU.Build.0 = Release|Any CPU
		{744291E7-8475-4976-B418-2F2221FA3388}.Debug|Any CPU.ActiveCfg = Debug|Any CPU
		{744291E7-8475-4976-B418-2F2221FA3388}.Debug|Any CPU.Build.0 = Debug|Any CPU
		{744291E7-8475-4976-B418-2F2221FA3388}.Release|Any CPU.ActiveCfg = Release|Any CPU
		{744291E7-8475-4976-B418-2F2221FA3388}.Release|Any CPU.Build.0 = Release|Any CPU
		{1E757181-B113-49A0-A9E4-91334844A5CA}.Debug|Any CPU.ActiveCfg = Debug|Any CPU
		{1E757181-B113-49A0-A9E4-91334844A5CA}.Debug|Any CPU.Build.0 = Debug|Any CPU
		{1E757181-B113-49A0-A9E4-91334844A5CA}.Release|Any CPU.ActiveCfg = Release|Any CPU
		{1E757181-B113-49A0-A9E4-91334844A5CA}.Release|Any CPU.Build.0 = Release|Any CPU
		{61353688-0D51-4C6C-AF19-01954BF2995D}.Debug|Any CPU.ActiveCfg = Debug|Any CPU
		{61353688-0D51-4C6C-AF19-01954BF2995D}.Debug|Any CPU.Build.0 = Debug|Any CPU
		{61353688-0D51-4C6C-AF19-01954BF2995D}.Release|Any CPU.ActiveCfg = Release|Any CPU
		{61353688-0D51-4C6C-AF19-01954BF2995D}.Release|Any CPU.Build.0 = Release|Any CPU
		{C9E15CCE-D2CF-4B09-8D4D-E4A7116211C6}.Debug|Any CPU.ActiveCfg = Debug|Any CPU
		{C9E15CCE-D2CF-4B09-8D4D-E4A7116211C6}.Debug|Any CPU.Build.0 = Debug|Any CPU
		{C9E15CCE-D2CF-4B09-8D4D-E4A7116211C6}.Release|Any CPU.ActiveCfg = Release|Any CPU
		{C9E15CCE-D2CF-4B09-8D4D-E4A7116211C6}.Release|Any CPU.Build.0 = Release|Any CPU
		{46C03786-DE93-495E-9699-CD4CB35349F6}.Debug|Any CPU.ActiveCfg = Debug|Any CPU
		{46C03786-DE93-495E-9699-CD4CB35349F6}.Debug|Any CPU.Build.0 = Debug|Any CPU
		{46C03786-DE93-495E-9699-CD4CB35349F6}.Release|Any CPU.ActiveCfg = Release|Any CPU
		{46C03786-DE93-495E-9699-CD4CB35349F6}.Release|Any CPU.Build.0 = Release|Any CPU
		{C8A4DFCC-3622-4FCA-A872-29EFF2AA788E}.Debug|Any CPU.ActiveCfg = Debug|Any CPU
		{C8A4DFCC-3622-4FCA-A872-29EFF2AA788E}.Debug|Any CPU.Build.0 = Debug|Any CPU
		{C8A4DFCC-3622-4FCA-A872-29EFF2AA788E}.Release|Any CPU.ActiveCfg = Release|Any CPU
		{C8A4DFCC-3622-4FCA-A872-29EFF2AA788E}.Release|Any CPU.Build.0 = Release|Any CPU
	EndGlobalSection
	GlobalSection(SolutionProperties) = preSolution
		HideSolutionNode = FALSE
	EndGlobalSection
	GlobalSection(NestedProjects) = preSolution
		{DACE6A2B-BE37-4B09-87C7-C9FA482FD30A} = {0214696B-6CE0-4670-BC5A-77AE88355BFF}
		{961E4760-C030-47D4-9AD8-207F417A978C} = {0214696B-6CE0-4670-BC5A-77AE88355BFF}
		{9D99AB63-9231-408E-AB4B-1FC294C86EB0} = {CEB09D4E-4B90-41B2-B2FF-A2EF181470AD}
		{2CF08F9C-C111-40B7-BDE2-01380FF34988} = {CEB09D4E-4B90-41B2-B2FF-A2EF181470AD}
		{83357E86-E9FA-4726-8EA3-549CCD0D6D56} = {42D8ABB5-58E8-490F-9322-76A2C4A50D1F}
		{02B172BF-0259-4098-B77C-707AB6D1DEDD} = {42D8ABB5-58E8-490F-9322-76A2C4A50D1F}
		{AA3E7513-2084-4DC8-B081-2E021716F94D} = {42D8ABB5-58E8-490F-9322-76A2C4A50D1F}
		{F841248F-9D55-45DA-8EBE-1D7759CDC9CE} = {42D8ABB5-58E8-490F-9322-76A2C4A50D1F}
		{CA685FC8-892C-4589-B6B1-DA2AFA333A4B} = {42D8ABB5-58E8-490F-9322-76A2C4A50D1F}
		{397617A6-E184-4844-8013-7250169D4B8E} = {42D8ABB5-58E8-490F-9322-76A2C4A50D1F}
		{0B90F397-5242-47C4-BBB0-0F6C34DEBA32} = {42D8ABB5-58E8-490F-9322-76A2C4A50D1F}
		{192B7C87-8D4D-4073-8634-49D261FF0B76} = {42D8ABB5-58E8-490F-9322-76A2C4A50D1F}
		{83C974F1-DD7D-4817-B3B3-EC569998F9DF} = {42D8ABB5-58E8-490F-9322-76A2C4A50D1F}
		{25E1668C-E920-40F5-9A9C-78D4C5100422} = {42D8ABB5-58E8-490F-9322-76A2C4A50D1F}
		{C72395F8-9DD4-4F7B-88D8-9B316F0291C2} = {42D8ABB5-58E8-490F-9322-76A2C4A50D1F}
		{1D3D7171-79C4-43A5-8271-E6C8512D3914} = {42D8ABB5-58E8-490F-9322-76A2C4A50D1F}
		{E6861BF6-3B1D-4108-8FA1-14866EAC480E} = {42D8ABB5-58E8-490F-9322-76A2C4A50D1F}
		{744291E7-8475-4976-B418-2F2221FA3388} = {42D8ABB5-58E8-490F-9322-76A2C4A50D1F}
		{1E757181-B113-49A0-A9E4-91334844A5CA} = {42D8ABB5-58E8-490F-9322-76A2C4A50D1F}
		{61353688-0D51-4C6C-AF19-01954BF2995D} = {42D8ABB5-58E8-490F-9322-76A2C4A50D1F}
		{C9E15CCE-D2CF-4B09-8D4D-E4A7116211C6} = {42D8ABB5-58E8-490F-9322-76A2C4A50D1F}
		{46C03786-DE93-495E-9699-CD4CB35349F6} = {42D8ABB5-58E8-490F-9322-76A2C4A50D1F}
		{C8A4DFCC-3622-4FCA-A872-29EFF2AA788E} = {CEB09D4E-4B90-41B2-B2FF-A2EF181470AD}
	EndGlobalSection
	GlobalSection(ExtensibilityGlobals) = postSolution
		SolutionGuid = {0C38F843-9D7D-4A5D-A45A-1764A250CB80}
	EndGlobalSection
EndGlobal
